// !$*UTF8*$!
{
	archiveVersion = 1;
	classes = {
	};
	objectVersion = 50;
	objects = {

/* Begin PBXBuildFile section */
		D8657C782493B4E5004BCC3E /* main.swift in Sources */ = {isa = PBXBuildFile; fileRef = D8657C772493B4E5004BCC3E /* main.swift */; };
		D8657C7A2493B508004BCC3E /* main.swift in Sources */ = {isa = PBXBuildFile; fileRef = D8657C792493B508004BCC3E /* main.swift */; };
		D8657C7C2493B572004BCC3E /* reader.swift in Sources */ = {isa = PBXBuildFile; fileRef = D8657C7B2493B572004BCC3E /* reader.swift */; };
		D8657C7E2493B593004BCC3E /* parser.swift in Sources */ = {isa = PBXBuildFile; fileRef = D8657C7D2493B593004BCC3E /* parser.swift */; };
		D8657C802493C89B004BCC3E /* types.swift in Sources */ = {isa = PBXBuildFile; fileRef = D8657C7F2493C89B004BCC3E /* types.swift */; };
		D8657C812493C933004BCC3E /* types.swift in Sources */ = {isa = PBXBuildFile; fileRef = D8657C7F2493C89B004BCC3E /* types.swift */; };
		D8657C892493CE0C004BCC3E /* parser_test.swift in Sources */ = {isa = PBXBuildFile; fileRef = D8657C882493CE0C004BCC3E /* parser_test.swift */; };
		D8657C8E2493CF70004BCC3E /* parser.swift in Sources */ = {isa = PBXBuildFile; fileRef = D8657C7D2493B593004BCC3E /* parser.swift */; };
/* End PBXBuildFile section */

/* Begin PBXCopyFilesBuildPhase section */
		D8657C4B2493ABB1004BCC3E /* CopyFiles */ = {
			isa = PBXCopyFilesBuildPhase;
			buildActionMask = 2147483647;
			dstPath = usr/share/man/man1;
			dstSubfolderSpec = 16;
			files = (
			);
			runOnlyForDeploymentPostprocessing = 1;
		};
		D8657C5B2493B276004BCC3E /* CopyFiles */ = {
			isa = PBXCopyFilesBuildPhase;
			buildActionMask = 2147483647;
			dstPath = /usr/share/man/man1/;
			dstSubfolderSpec = 0;
			files = (
			);
			runOnlyForDeploymentPostprocessing = 1;
		};
/* End PBXCopyFilesBuildPhase section */

/* Begin PBXFileReference section */
		D8657C4D2493ABB1004BCC3E /* step0_repl */ = {isa = PBXFileReference; explicitFileType = "compiled.mach-o.executable"; includeInIndex = 0; path = step0_repl; sourceTree = BUILT_PRODUCTS_DIR; };
		D8657C5D2493B276004BCC3E /* step1_read_print */ = {isa = PBXFileReference; explicitFileType = "compiled.mach-o.executable"; includeInIndex = 0; path = step1_read_print; sourceTree = BUILT_PRODUCTS_DIR; };
		D8657C642493B295004BCC3E /* lib */ = {isa = PBXFileReference; lastKnownFileType = folder; name = lib; path = src/lib; sourceTree = "<group>"; };
		D8657C682493B335004BCC3E /* step1_read_print */ = {isa = PBXFileReference; lastKnownFileType = folder; name = step1_read_print; path = src/step1_read_print; sourceTree = "<group>"; };
		D8657C6A2493B35B004BCC3E /* step0_repl */ = {isa = PBXFileReference; lastKnownFileType = folder; name = step0_repl; path = src/step0_repl; sourceTree = "<group>"; };
		D8657C772493B4E5004BCC3E /* main.swift */ = {isa = PBXFileReference; lastKnownFileType = sourcecode.swift; name = main.swift; path = src/step0_repl/main.swift; sourceTree = "<group>"; };
		D8657C792493B508004BCC3E /* main.swift */ = {isa = PBXFileReference; lastKnownFileType = sourcecode.swift; name = main.swift; path = src/step1_read_print/main.swift; sourceTree = "<group>"; };
		D8657C7B2493B572004BCC3E /* reader.swift */ = {isa = PBXFileReference; lastKnownFileType = sourcecode.swift; name = reader.swift; path = src/lib/reader.swift; sourceTree = "<group>"; };
		D8657C7D2493B593004BCC3E /* parser.swift */ = {isa = PBXFileReference; lastKnownFileType = sourcecode.swift; name = parser.swift; path = src/lib/parser.swift; sourceTree = "<group>"; };
		D8657C7F2493C89B004BCC3E /* types.swift */ = {isa = PBXFileReference; lastKnownFileType = sourcecode.swift; name = types.swift; path = src/lib/types.swift; sourceTree = "<group>"; };
		D8657C862493CE0C004BCC3E /* tests.xctest */ = {isa = PBXFileReference; explicitFileType = wrapper.cfbundle; includeInIndex = 0; path = tests.xctest; sourceTree = BUILT_PRODUCTS_DIR; };
		D8657C882493CE0C004BCC3E /* parser_test.swift */ = {isa = PBXFileReference; lastKnownFileType = sourcecode.swift; path = parser_test.swift; sourceTree = "<group>"; };
		D8657C8A2493CE0C004BCC3E /* Info.plist */ = {isa = PBXFileReference; lastKnownFileType = text.plist.xml; path = Info.plist; sourceTree = "<group>"; };
		D8657C902494C6CC004BCC3E /* .swiftlint.yml */ = {isa = PBXFileReference; lastKnownFileType = text.yaml; path = .swiftlint.yml; sourceTree = "<group>"; };
/* End PBXFileReference section */

/* Begin PBXFrameworksBuildPhase section */
		D8657C4A2493ABB1004BCC3E /* Frameworks */ = {
			isa = PBXFrameworksBuildPhase;
			buildActionMask = 2147483647;
			files = (
			);
			runOnlyForDeploymentPostprocessing = 0;
		};
		D8657C5A2493B276004BCC3E /* Frameworks */ = {
			isa = PBXFrameworksBuildPhase;
			buildActionMask = 2147483647;
			files = (
			);
			runOnlyForDeploymentPostprocessing = 0;
		};
		D8657C832493CE0C004BCC3E /* Frameworks */ = {
			isa = PBXFrameworksBuildPhase;
			buildActionMask = 2147483647;
			files = (
			);
			runOnlyForDeploymentPostprocessing = 0;
		};
/* End PBXFrameworksBuildPhase section */

/* Begin PBXGroup section */
		D8657C362493AB8D004BCC3E = {
			isa = PBXGroup;
			children = (
				D8657C7D2493B593004BCC3E /* parser.swift */,
				D8657C902494C6CC004BCC3E /* .swiftlint.yml */,
				D8657C7F2493C89B004BCC3E /* types.swift */,
				D8657C7B2493B572004BCC3E /* reader.swift */,
				D8657C772493B4E5004BCC3E /* main.swift */,
				D8657C792493B508004BCC3E /* main.swift */,
				D8657C6A2493B35B004BCC3E /* step0_repl */,
				D8657C682493B335004BCC3E /* step1_read_print */,
				D8657C642493B295004BCC3E /* lib */,
				D8657C872493CE0C004BCC3E /* tests */,
				D8657C402493AB8D004BCC3E /* Products */,
			);
			sourceTree = "<group>";
		};
		D8657C402493AB8D004BCC3E /* Products */ = {
			isa = PBXGroup;
			children = (
				D8657C4D2493ABB1004BCC3E /* step0_repl */,
				D8657C5D2493B276004BCC3E /* step1_read_print */,
				D8657C862493CE0C004BCC3E /* tests.xctest */,
			);
			name = Products;
			sourceTree = "<group>";
		};
		D8657C872493CE0C004BCC3E /* tests */ = {
			isa = PBXGroup;
			children = (
				D8657C882493CE0C004BCC3E /* parser_test.swift */,
				D8657C8A2493CE0C004BCC3E /* Info.plist */,
			);
			path = tests;
			sourceTree = "<group>";
		};
/* End PBXGroup section */

/* Begin PBXNativeTarget section */
		D8657C4C2493ABB1004BCC3E /* step0_repl */ = {
			isa = PBXNativeTarget;
			buildConfigurationList = D8657C512493ABB1004BCC3E /* Build configuration list for PBXNativeTarget "step0_repl" */;
			buildPhases = (
				D8657C492493ABB1004BCC3E /* Sources */,
				D8657C4A2493ABB1004BCC3E /* Frameworks */,
				D8657C4B2493ABB1004BCC3E /* CopyFiles */,
			);
			buildRules = (
			);
			dependencies = (
			);
			name = step0_repl;
			productName = step0_repl;
			productReference = D8657C4D2493ABB1004BCC3E /* step0_repl */;
			productType = "com.apple.product-type.tool";
		};
		D8657C5C2493B276004BCC3E /* step1_read_print */ = {
			isa = PBXNativeTarget;
			buildConfigurationList = D8657C612493B276004BCC3E /* Build configuration list for PBXNativeTarget "step1_read_print" */;
			buildPhases = (
				D8657C592493B276004BCC3E /* Sources */,
				D8657C5A2493B276004BCC3E /* Frameworks */,
				D8657C5B2493B276004BCC3E /* CopyFiles */,
			);
			buildRules = (
			);
			dependencies = (
			);
			name = step1_read_print;
			productName = step1_read_print;
			productReference = D8657C5D2493B276004BCC3E /* step1_read_print */;
			productType = "com.apple.product-type.tool";
		};
		D8657C852493CE0C004BCC3E /* tests */ = {
			isa = PBXNativeTarget;
			buildConfigurationList = D8657C8B2493CE0C004BCC3E /* Build configuration list for PBXNativeTarget "tests" */;
			buildPhases = (
				D8657C822493CE0C004BCC3E /* Sources */,
				D8657C832493CE0C004BCC3E /* Frameworks */,
				D8657C842493CE0C004BCC3E /* Resources */,
				D8657C8F2494C5F4004BCC3E /* ShellScript */,
			);
			buildRules = (
			);
			dependencies = (
			);
			name = tests;
			productName = tests;
			productReference = D8657C862493CE0C004BCC3E /* tests.xctest */;
			productType = "com.apple.product-type.bundle.unit-test";
		};
/* End PBXNativeTarget section */

/* Begin PBXProject section */
		D8657C372493AB8D004BCC3E /* Project object */ = {
			isa = PBXProject;
			attributes = {
				LastSwiftUpdateCheck = 1150;
				LastUpgradeCheck = 1150;
				ORGANIZATIONNAME = "Joe Watson";
				TargetAttributes = {
					D8657C4C2493ABB1004BCC3E = {
						CreatedOnToolsVersion = 11.5;
					};
					D8657C5C2493B276004BCC3E = {
						CreatedOnToolsVersion = 11.5;
					};
					D8657C852493CE0C004BCC3E = {
						CreatedOnToolsVersion = 11.5;
					};
				};
			};
			buildConfigurationList = D8657C3A2493AB8D004BCC3E /* Build configuration list for PBXProject "mal" */;
			compatibilityVersion = "Xcode 9.3";
			developmentRegion = en;
			hasScannedForEncodings = 0;
			knownRegions = (
				en,
				Base,
			);
			mainGroup = D8657C362493AB8D004BCC3E;
			productRefGroup = D8657C402493AB8D004BCC3E /* Products */;
			projectDirPath = "";
			projectRoot = "";
			targets = (
				D8657C4C2493ABB1004BCC3E /* step0_repl */,
				D8657C5C2493B276004BCC3E /* step1_read_print */,
				D8657C852493CE0C004BCC3E /* tests */,
			);
		};
/* End PBXProject section */

/* Begin PBXResourcesBuildPhase section */
		D8657C842493CE0C004BCC3E /* Resources */ = {
			isa = PBXResourcesBuildPhase;
			buildActionMask = 2147483647;
			files = (
			);
			runOnlyForDeploymentPostprocessing = 0;
		};
/* End PBXResourcesBuildPhase section */

/* Begin PBXShellScriptBuildPhase section */
		D8657C8F2494C5F4004BCC3E /* ShellScript */ = {
			isa = PBXShellScriptBuildPhase;
			buildActionMask = 2147483647;
			files = (
			);
			inputFileListPaths = (
			);
			inputPaths = (
			);
			outputFileListPaths = (
			);
			outputPaths = (
			);
			runOnlyForDeploymentPostprocessing = 0;
			shellPath = /bin/sh;
			shellScript = "if which swiftlint >/dev/null; then\n  swiftlint\nelse\n  echo \"warning: SwiftLint not installed, download from https://github.com/realm/SwiftLint\"\nfi\n";
		};
/* End PBXShellScriptBuildPhase section */

/* Begin PBXSourcesBuildPhase section */
		D8657C492493ABB1004BCC3E /* Sources */ = {
			isa = PBXSourcesBuildPhase;
			buildActionMask = 2147483647;
			files = (
				D8657C782493B4E5004BCC3E /* main.swift in Sources */,
				D8657C802493C89B004BCC3E /* types.swift in Sources */,
			);
			runOnlyForDeploymentPostprocessing = 0;
		};
		D8657C592493B276004BCC3E /* Sources */ = {
			isa = PBXSourcesBuildPhase;
			buildActionMask = 2147483647;
			files = (
				D8657C812493C933004BCC3E /* types.swift in Sources */,
				D8657C7E2493B593004BCC3E /* parser.swift in Sources */,
				D8657C7C2493B572004BCC3E /* reader.swift in Sources */,
				D8657C7A2493B508004BCC3E /* main.swift in Sources */,
			);
			runOnlyForDeploymentPostprocessing = 0;
		};
		D8657C822493CE0C004BCC3E /* Sources */ = {
			isa = PBXSourcesBuildPhase;
			buildActionMask = 2147483647;
			files = (
				D8657C8E2493CF70004BCC3E /* parser.swift in Sources */,
				D8657C892493CE0C004BCC3E /* parser_test.swift in Sources */,
			);
			runOnlyForDeploymentPostprocessing = 0;
		};
/* End PBXSourcesBuildPhase section */

/* Begin XCBuildConfiguration section */
		D8657C442493AB8D004BCC3E /* Debug */ = {
			isa = XCBuildConfiguration;
			buildSettings = {
				ALWAYS_SEARCH_USER_PATHS = NO;
				CLANG_ANALYZER_NONNULL = YES;
				CLANG_ANALYZER_NUMBER_OBJECT_CONVERSION = YES_AGGRESSIVE;
				CLANG_CXX_LANGUAGE_STANDARD = "gnu++14";
				CLANG_CXX_LIBRARY = "libc++";
				CLANG_ENABLE_MODULES = YES;
				CLANG_ENABLE_OBJC_ARC = YES;
				CLANG_ENABLE_OBJC_WEAK = YES;
				CLANG_WARN_BLOCK_CAPTURE_AUTORELEASING = YES;
				CLANG_WARN_BOOL_CONVERSION = YES;
				CLANG_WARN_COMMA = YES;
				CLANG_WARN_CONSTANT_CONVERSION = YES;
				CLANG_WARN_DEPRECATED_OBJC_IMPLEMENTATIONS = YES;
				CLANG_WARN_DIRECT_OBJC_ISA_USAGE = YES_ERROR;
				CLANG_WARN_DOCUMENTATION_COMMENTS = YES;
				CLANG_WARN_EMPTY_BODY = YES;
				CLANG_WARN_ENUM_CONVERSION = YES;
				CLANG_WARN_INFINITE_RECURSION = YES;
				CLANG_WARN_INT_CONVERSION = YES;
				CLANG_WARN_NON_LITERAL_NULL_CONVERSION = YES;
				CLANG_WARN_OBJC_IMPLICIT_RETAIN_SELF = YES;
				CLANG_WARN_OBJC_LITERAL_CONVERSION = YES;
				CLANG_WARN_OBJC_ROOT_CLASS = YES_ERROR;
				CLANG_WARN_RANGE_LOOP_ANALYSIS = YES;
				CLANG_WARN_STRICT_PROTOTYPES = YES;
				CLANG_WARN_SUSPICIOUS_MOVE = YES;
				CLANG_WARN_UNGUARDED_AVAILABILITY = YES_AGGRESSIVE;
				CLANG_WARN_UNREACHABLE_CODE = YES;
				CLANG_WARN__DUPLICATE_METHOD_MATCH = YES;
				COPY_PHASE_STRIP = NO;
				DEBUG_INFORMATION_FORMAT = dwarf;
				ENABLE_STRICT_OBJC_MSGSEND = YES;
				ENABLE_TESTABILITY = YES;
				GCC_C_LANGUAGE_STANDARD = gnu11;
				GCC_DYNAMIC_NO_PIC = NO;
				GCC_NO_COMMON_BLOCKS = YES;
				GCC_OPTIMIZATION_LEVEL = 0;
				GCC_PREPROCESSOR_DEFINITIONS = (
					"DEBUG=1",
					"$(inherited)",
				);
				GCC_WARN_64_TO_32_BIT_CONVERSION = YES;
				GCC_WARN_ABOUT_RETURN_TYPE = YES_ERROR;
				GCC_WARN_UNDECLARED_SELECTOR = YES;
				GCC_WARN_UNINITIALIZED_AUTOS = YES_AGGRESSIVE;
				GCC_WARN_UNUSED_FUNCTION = YES;
				GCC_WARN_UNUSED_VARIABLE = YES;
				MACOSX_DEPLOYMENT_TARGET = 10.15;
				MTL_ENABLE_DEBUG_INFO = INCLUDE_SOURCE;
				MTL_FAST_MATH = YES;
				ONLY_ACTIVE_ARCH = YES;
				SDKROOT = macosx;
				SWIFT_ACTIVE_COMPILATION_CONDITIONS = DEBUG;
				SWIFT_OPTIMIZATION_LEVEL = "-Onone";
			};
			name = Debug;
		};
		D8657C452493AB8D004BCC3E /* Release */ = {
			isa = XCBuildConfiguration;
			buildSettings = {
				ALWAYS_SEARCH_USER_PATHS = NO;
				CLANG_ANALYZER_NONNULL = YES;
				CLANG_ANALYZER_NUMBER_OBJECT_CONVERSION = YES_AGGRESSIVE;
				CLANG_CXX_LANGUAGE_STANDARD = "gnu++14";
				CLANG_CXX_LIBRARY = "libc++";
				CLANG_ENABLE_MODULES = YES;
				CLANG_ENABLE_OBJC_ARC = YES;
				CLANG_ENABLE_OBJC_WEAK = YES;
				CLANG_WARN_BLOCK_CAPTURE_AUTORELEASING = YES;
				CLANG_WARN_BOOL_CONVERSION = YES;
				CLANG_WARN_COMMA = YES;
				CLANG_WARN_CONSTANT_CONVERSION = YES;
				CLANG_WARN_DEPRECATED_OBJC_IMPLEMENTATIONS = YES;
				CLANG_WARN_DIRECT_OBJC_ISA_USAGE = YES_ERROR;
				CLANG_WARN_DOCUMENTATION_COMMENTS = YES;
				CLANG_WARN_EMPTY_BODY = YES;
				CLANG_WARN_ENUM_CONVERSION = YES;
				CLANG_WARN_INFINITE_RECURSION = YES;
				CLANG_WARN_INT_CONVERSION = YES;
				CLANG_WARN_NON_LITERAL_NULL_CONVERSION = YES;
				CLANG_WARN_OBJC_IMPLICIT_RETAIN_SELF = YES;
				CLANG_WARN_OBJC_LITERAL_CONVERSION = YES;
				CLANG_WARN_OBJC_ROOT_CLASS = YES_ERROR;
				CLANG_WARN_RANGE_LOOP_ANALYSIS = YES;
				CLANG_WARN_STRICT_PROTOTYPES = YES;
				CLANG_WARN_SUSPICIOUS_MOVE = YES;
				CLANG_WARN_UNGUARDED_AVAILABILITY = YES_AGGRESSIVE;
				CLANG_WARN_UNREACHABLE_CODE = YES;
				CLANG_WARN__DUPLICATE_METHOD_MATCH = YES;
				COPY_PHASE_STRIP = NO;
				DEBUG_INFORMATION_FORMAT = "dwarf-with-dsym";
				ENABLE_NS_ASSERTIONS = NO;
				ENABLE_STRICT_OBJC_MSGSEND = YES;
				GCC_C_LANGUAGE_STANDARD = gnu11;
				GCC_NO_COMMON_BLOCKS = YES;
				GCC_WARN_64_TO_32_BIT_CONVERSION = YES;
				GCC_WARN_ABOUT_RETURN_TYPE = YES_ERROR;
				GCC_WARN_UNDECLARED_SELECTOR = YES;
				GCC_WARN_UNINITIALIZED_AUTOS = YES_AGGRESSIVE;
				GCC_WARN_UNUSED_FUNCTION = YES;
				GCC_WARN_UNUSED_VARIABLE = YES;
				MACOSX_DEPLOYMENT_TARGET = 10.15;
				MTL_ENABLE_DEBUG_INFO = NO;
				MTL_FAST_MATH = YES;
				SDKROOT = macosx;
				SWIFT_COMPILATION_MODE = wholemodule;
				SWIFT_OPTIMIZATION_LEVEL = "-O";
			};
			name = Release;
		};
		D8657C522493ABB1004BCC3E /* Debug */ = {
			isa = XCBuildConfiguration;
			buildSettings = {
				CODE_SIGN_STYLE = Automatic;
				PRODUCT_NAME = "$(TARGET_NAME)";
				SWIFT_VERSION = 5.0;
			};
			name = Debug;
		};
		D8657C532493ABB1004BCC3E /* Release */ = {
			isa = XCBuildConfiguration;
			buildSettings = {
				CODE_SIGN_STYLE = Automatic;
				PRODUCT_NAME = "$(TARGET_NAME)";
				SWIFT_VERSION = 5.0;
			};
			name = Release;
		};
		D8657C622493B276004BCC3E /* Debug */ = {
			isa = XCBuildConfiguration;
			buildSettings = {
				CODE_SIGN_STYLE = Automatic;
				PRODUCT_NAME = "$(TARGET_NAME)";
				SWIFT_VERSION = 5.0;
			};
			name = Debug;
		};
		D8657C632493B276004BCC3E /* Release */ = {
			isa = XCBuildConfiguration;
			buildSettings = {
				CODE_SIGN_STYLE = Automatic;
				PRODUCT_NAME = "$(TARGET_NAME)";
				SWIFT_VERSION = 5.0;
			};
			name = Release;
		};
		D8657C8C2493CE0C004BCC3E /* Debug */ = {
			isa = XCBuildConfiguration;
			buildSettings = {
				CODE_SIGN_STYLE = Automatic;
				COMBINE_HIDPI_IMAGES = YES;
				INFOPLIST_FILE = tests/Info.plist;
				LD_RUNPATH_SEARCH_PATHS = (
					"$(inherited)",
					"@executable_path/../Frameworks",
					"@loader_path/../Frameworks",
				);
				PRODUCT_BUNDLE_IDENTIFIER = jw.tests;
				PRODUCT_NAME = "$(TARGET_NAME)";
				SWIFT_VERSION = 5.0;
			};
			name = Debug;
		};
		D8657C8D2493CE0C004BCC3E /* Release */ = {
			isa = XCBuildConfiguration;
			buildSettings = {
				CODE_SIGN_STYLE = Automatic;
				COMBINE_HIDPI_IMAGES = YES;
				INFOPLIST_FILE = tests/Info.plist;
				LD_RUNPATH_SEARCH_PATHS = (
					"$(inherited)",
					"@executable_path/../Frameworks",
					"@loader_path/../Frameworks",
				);
				PRODUCT_BUNDLE_IDENTIFIER = jw.tests;
				PRODUCT_NAME = "$(TARGET_NAME)";
				SWIFT_VERSION = 5.0;
			};
			name = Release;
		};
/* End XCBuildConfiguration section */

/* Begin XCConfigurationList section */
		D8657C3A2493AB8D004BCC3E /* Build configuration list for PBXProject "mal" */ = {
			isa = XCConfigurationList;
			buildConfigurations = (
				D8657C442493AB8D004BCC3E /* Debug */,
				D8657C452493AB8D004BCC3E /* Release */,
			);
			defaultConfigurationIsVisible = 0;
			defaultConfigurationName = Release;
		};
		D8657C512493ABB1004BCC3E /* Build configuration list for PBXNativeTarget "step0_repl" */ = {
			isa = XCConfigurationList;
			buildConfigurations = (
				D8657C522493ABB1004BCC3E /* Debug */,
				D8657C532493ABB1004BCC3E /* Release */,
			);
			defaultConfigurationIsVisible = 0;
			defaultConfigurationName = Release;
		};
		D8657C612493B276004BCC3E /* Build configuration list for PBXNativeTarget "step1_read_print" */ = {
			isa = XCConfigurationList;
			buildConfigurations = (
				D8657C622493B276004BCC3E /* Debug */,
				D8657C632493B276004BCC3E /* Release */,
			);
			defaultConfigurationIsVisible = 0;
			defaultConfigurationName = Release;
		};
		D8657C8B2493CE0C004BCC3E /* Build configuration list for PBXNativeTarget "tests" */ = {
			isa = XCConfigurationList;
			buildConfigurations = (
				D8657C8C2493CE0C004BCC3E /* Debug */,
				D8657C8D2493CE0C004BCC3E /* Release */,
			);
			defaultConfigurationIsVisible = 0;
			defaultConfigurationName = Release;
		};
/* End XCConfigurationList section */
	};
	rootObject = D8657C372493AB8D004BCC3E /* Project object */;
}
